
Microsoft Visual Studio Solution File, Format Version 12.00
# Visual Studio Version 17
VisualStudioVersion = 17.11.35222.181
MinimumVisualStudioVersion = 10.0.40219.1
Project("{FAE04EC0-301F-11D3-BF4B-00C04F79EFBC}") = "malkowwy", "malkowwy\malkowwy.csproj", "{E3C86B51-D4A5-4F2E-AF75-B8754D2848D1}"
EndProject
Global
	GlobalSection(SolutionConfigurationPlatforms) = preSolution
		Debug|Any CPU = Debug|Any CPU
		Release|Any CPU = Release|Any CPU
	EndGlobalSection
	GlobalSection(ProjectConfigurationPlatforms) = postSolution
		{E3C86B51-D4A5-4F2E-AF75-B8754D2848D1}.Debug|Any CPU.ActiveCfg = Debug|Any CPU
		{E3C86B51-D4A5-4F2E-AF75-B8754D2848D1}.Debug|Any CPU.Build.0 = Debug|Any CPU
		{E3C86B51-D4A5-4F2E-AF75-B8754D2848D1}.Release|Any CPU.ActiveCfg = Release|Any CPU
		{E3C86B51-D4A5-4F2E-AF75-B8754D2848D1}.Release|Any CPU.Build.0 = Release|Any CPU
	EndGlobalSection
	GlobalSection(SolutionProperties) = preSolution
		HideSolutionNode = FALSE
	EndGlobalSection
	GlobalSection(ExtensibilityGlobals) = postSolution
		SolutionGuid = {C23C1DE3-EFA1-4C73-95A4-CC9BB04F561A}
	EndGlobalSection
EndGlobal
